{
  "name": "shared",
  "version": "1.0.0",
  "lockfileVersion": 2,
  "requires": true,
  "packages": {
    "": {
      "name": "shared",
      "version": "1.0.0",
      "license": "ISC",
      "devDependencies": {
        "@lexical/react": "^0.6.3",
        "lexical": "^0.6.3"
      }
    },
    "node_modules/@babel/runtime": {
      "version": "7.20.1",
      "resolved": "https://registry.npmjs.org/@babel/runtime/-/runtime-7.20.1.tgz",
      "integrity": "sha512-mrzLkl6U9YLF8qpqI7TB82PESyEGjm/0Ly91jG575eVxMMlb8fYfOXFZIJ8XfLrJZQbm7dlKry2bJmXBUEkdFg==",
      "dev": true,
      "dependencies": {
        "regenerator-runtime": "^0.13.10"
      },
      "engines": {
        "node": ">=6.9.0"
      }
    },
    "node_modules/@lexical/clipboard": {
      "version": "0.6.3",
      "resolved": "https://registry.npmjs.org/@lexical/clipboard/-/clipboard-0.6.3.tgz",
      "integrity": "sha512-gNGA+0FeE/xU3rESeJi1HjnATq3IZg/Qq8hTVqky79pNR/jfFrJi+wdAsuGZcfE2gpKhiXs9ob8Z+olgVXaEEQ==",
      "dev": true,
      "dependencies": {
        "@lexical/html": "0.6.3",
        "@lexical/list": "0.6.3",
        "@lexical/selection": "0.6.3",
        "@lexical/utils": "0.6.3"
      },
      "peerDependencies": {
        "lexical": "0.6.3"
      }
    },
    "node_modules/@lexical/code": {
      "version": "0.6.3",
      "resolved": "https://registry.npmjs.org/@lexical/code/-/code-0.6.3.tgz",
      "integrity": "sha512-DJqwJyN65/3ZjFSnKA0EiTKqnZKBfofoyVLykUhVCJ1rxQWQXUlTzCgg36Yp0jo5DGGhHnVYrMjemi4SgBV06g==",
      "dev": true,
      "dependencies": {
        "@lexical/utils": "0.6.3",
        "prismjs": "^1.27.0"
      },
      "peerDependencies": {
        "lexical": "0.6.3"
      }
    },
    "node_modules/@lexical/dragon": {
      "version": "0.6.3",
      "resolved": "https://registry.npmjs.org/@lexical/dragon/-/dragon-0.6.3.tgz",
      "integrity": "sha512-a0pcJMMCb7X0/ms6v+dOIWbclB1tQpQsARDXQ2aCIJkuqB7EZHUTt6r7g1+y/3pXHL0ED4hv/DhTavCjZ6vHPQ==",
      "dev": true,
      "peerDependencies": {
        "lexical": "0.6.3"
      }
    },
    "node_modules/@lexical/hashtag": {
      "version": "0.6.3",
      "resolved": "https://registry.npmjs.org/@lexical/hashtag/-/hashtag-0.6.3.tgz",
      "integrity": "sha512-qGQbaSqgc3fM5rS+nJZFVFXSg3Hyv+KI8uc7MlcDt7lpRqYQz0Fq2/cSNDsq4iavx+Dt8qQ5ClSJtrEfbA2WTw==",
      "dev": true,
      "dependencies": {
        "@lexical/utils": "0.6.3"
      },
      "peerDependencies": {
        "lexical": "0.6.3"
      }
    },
    "node_modules/@lexical/history": {
      "version": "0.6.3",
      "resolved": "https://registry.npmjs.org/@lexical/history/-/history-0.6.3.tgz",
      "integrity": "sha512-dRZdEIJYZqVZNSRD4I64CteNWI8ocTsZlAOXSqP4t320Ue0RaNFOSyND1XI8MfYT4tVBQIka+ji1OMx22sh96Q==",
      "dev": true,
      "dependencies": {
        "@lexical/utils": "0.6.3"
      },
      "peerDependencies": {
        "lexical": "0.6.3"
      }
    },
    "node_modules/@lexical/html": {
      "version": "0.6.3",
      "resolved": "https://registry.npmjs.org/@lexical/html/-/html-0.6.3.tgz",
      "integrity": "sha512-S1GikZFWJb/dHqbgGgtqEZBcSLX9oBfQvdt/MQfEi1TSraC6mevnVBvDNB4aBGCBN97uUzYqsVLFEtYiliCDVw==",
      "dev": true,
      "dependencies": {
        "@lexical/selection": "0.6.3"
      },
      "peerDependencies": {
        "lexical": "0.6.3"
      }
    },
    "node_modules/@lexical/link": {
      "version": "0.6.3",
      "resolved": "https://registry.npmjs.org/@lexical/link/-/link-0.6.3.tgz",
      "integrity": "sha512-duP+8OYEsIJ5AZLO5Y/cND+oNajvlc0geggmzrJ/XRcFiQAWXJ9BsmEeg6KZFzl2+Whkz3Zdkfu/1h80qllktA==",
      "dev": true,
      "dependencies": {
        "@lexical/utils": "0.6.3"
      },
      "peerDependencies": {
        "lexical": "0.6.3"
      }
    },
    "node_modules/@lexical/list": {
      "version": "0.6.3",
      "resolved": "https://registry.npmjs.org/@lexical/list/-/list-0.6.3.tgz",
      "integrity": "sha512-zrQwX9J9hmLRjh4VkDykiv4P7et86ez85wAcvcoZNSwRGdLRMDxJLOyzJI6njr3CrebEKzHWVCsEcpn5T8bZcw==",
      "dev": true,
      "dependencies": {
        "@lexical/utils": "0.6.3"
      },
      "peerDependencies": {
        "lexical": "0.6.3"
      }
    },
    "node_modules/@lexical/mark": {
      "version": "0.6.3",
      "resolved": "https://registry.npmjs.org/@lexical/mark/-/mark-0.6.3.tgz",
      "integrity": "sha512-Bg0rBcs41JY0EU4/Yn5/YvlZ9xq8syn9XZ6fagr63BflyFQF4Ery5UXaH0SC2m20gAWfmKNsjh6NIMyb1sHcgw==",
      "dev": true,
      "dependencies": {
        "@lexical/utils": "0.6.3"
      },
      "peerDependencies": {
        "lexical": "0.6.3"
      }
    },
    "node_modules/@lexical/markdown": {
      "version": "0.6.3",
      "resolved": "https://registry.npmjs.org/@lexical/markdown/-/markdown-0.6.3.tgz",
      "integrity": "sha512-0J7rNvH/NYDfgUCBBkQ6f5y74ppWXLf9ATN4Z0H+Rd/jxf1pniRMYnvd8Rk2mT6nkG30PHKCtoaoizUdFj2aig==",
      "dev": true,
      "dependencies": {
        "@lexical/code": "0.6.3",
        "@lexical/link": "0.6.3",
        "@lexical/list": "0.6.3",
        "@lexical/rich-text": "0.6.3",
        "@lexical/text": "0.6.3",
        "@lexical/utils": "0.6.3"
      },
      "peerDependencies": {
        "lexical": "0.6.3"
      }
    },
    "node_modules/@lexical/offset": {
      "version": "0.6.3",
      "resolved": "https://registry.npmjs.org/@lexical/offset/-/offset-0.6.3.tgz",
      "integrity": "sha512-TZu5XUBV27yAqdlHaLC6gH0z8oUMYtmG8hXmSoR8I7wLmRF1RncKMkaAGxTHqHW0w65xk+WjV+pmlvwTp+eU2Q==",
      "dev": true,
      "peerDependencies": {
        "lexical": "0.6.3"
      }
    },
    "node_modules/@lexical/overflow": {
      "version": "0.6.3",
      "resolved": "https://registry.npmjs.org/@lexical/overflow/-/overflow-0.6.3.tgz",
      "integrity": "sha512-Spzhcv90EaD1udaZGwbikvzRnQOz+3RiRe2O3ck/Uaiblqxvao4tkwQYzDAuIypIfY/ndaryQr/UzmhGDVjXEA==",
      "dev": true,
      "peerDependencies": {
        "lexical": "0.6.3"
      }
    },
    "node_modules/@lexical/plain-text": {
      "version": "0.6.3",
      "resolved": "https://registry.npmjs.org/@lexical/plain-text/-/plain-text-0.6.3.tgz",
      "integrity": "sha512-cseRxnfPorqIIg636LbGMUHLsbWqfx5smCsYsLwNS4d/ZwbsKM9egPXj+OUbhsYhhnpxuZIqNpcQIuTY2zdX4Q==",
      "dev": true,
      "peerDependencies": {
        "@lexical/clipboard": "0.6.3",
        "@lexical/selection": "0.6.3",
        "@lexical/utils": "0.6.3",
        "lexical": "0.6.3"
      }
    },
    "node_modules/@lexical/react": {
      "version": "0.6.3",
      "resolved": "https://registry.npmjs.org/@lexical/react/-/react-0.6.3.tgz",
      "integrity": "sha512-SDi/VORodG1sTNPzrEdhbfz5+TDQr5Da/bYHEVXVFPFCklDZKx2M9vH5CJmXHuIEucjxGa1xQP7fANMCRpzPLw==",
      "dev": true,
      "dependencies": {
        "@lexical/clipboard": "0.6.3",
        "@lexical/code": "0.6.3",
        "@lexical/dragon": "0.6.3",
        "@lexical/hashtag": "0.6.3",
        "@lexical/history": "0.6.3",
        "@lexical/link": "0.6.3",
        "@lexical/list": "0.6.3",
        "@lexical/mark": "0.6.3",
        "@lexical/markdown": "0.6.3",
        "@lexical/overflow": "0.6.3",
        "@lexical/plain-text": "0.6.3",
        "@lexical/rich-text": "0.6.3",
        "@lexical/selection": "0.6.3",
        "@lexical/table": "0.6.3",
        "@lexical/text": "0.6.3",
        "@lexical/utils": "0.6.3",
        "@lexical/yjs": "0.6.3",
        "react-error-boundary": "^3.1.4"
      },
      "peerDependencies": {
        "lexical": "0.6.3",
        "react": ">=17.x",
        "react-dom": ">=17.x"
      }
    },
    "node_modules/@lexical/rich-text": {
      "version": "0.6.3",
      "resolved": "https://registry.npmjs.org/@lexical/rich-text/-/rich-text-0.6.3.tgz",
      "integrity": "sha512-7U2/dPO4Jl6LSbyPnlrMKuZrzbusm5sUD62b1LACLtKIgxhrB5CGU7jq2tQYA46IpTrJt4FrU3hfKTCckgrU7Q==",
      "dev": true,
      "peerDependencies": {
        "@lexical/clipboard": "0.6.3",
        "@lexical/selection": "0.6.3",
        "@lexical/utils": "0.6.3",
        "lexical": "0.6.3"
      }
    },
    "node_modules/@lexical/selection": {
      "version": "0.6.3",
      "resolved": "https://registry.npmjs.org/@lexical/selection/-/selection-0.6.3.tgz",
      "integrity": "sha512-Jl01qkgUeKJaPJo3hqdjcSqh/7B4OwpFU++2TiFFqTI2eqSSYlNfruk5wpH/pR1HgBIOD8gPRZCQkzhEfcqBNA==",
      "dev": true,
      "peerDependencies": {
        "lexical": "0.6.3"
      }
    },
    "node_modules/@lexical/table": {
      "version": "0.6.3",
      "resolved": "https://registry.npmjs.org/@lexical/table/-/table-0.6.3.tgz",
      "integrity": "sha512-7ces57Y9wBwr2UXccXguyFC87QF6epdp2EZybb8yVEoWvMM5z51CnWELEbADYv5lnevPS2LC8LtJV3v1iSPZbA==",
      "dev": true,
      "dependencies": {
        "@lexical/utils": "0.6.3"
      },
      "peerDependencies": {
        "lexical": "0.6.3"
      }
    },
    "node_modules/@lexical/text": {
      "version": "0.6.3",
      "resolved": "https://registry.npmjs.org/@lexical/text/-/text-0.6.3.tgz",
      "integrity": "sha512-MoovOqr0ikT0vZoLfKQXfZQpF1qrf+xALtskmrjaO6h37jt2vOBDlkukpgg8ZUsUZaTKiaJlWAPnrgdji7L0tQ==",
      "dev": true,
      "peerDependencies": {
        "lexical": "0.6.3"
      }
    },
    "node_modules/@lexical/utils": {
      "version": "0.6.3",
      "resolved": "https://registry.npmjs.org/@lexical/utils/-/utils-0.6.3.tgz",
      "integrity": "sha512-LijfKzH9Fdl30eZ/fWDigLsRPs/rz8sZAnRg6UsJGKR1SS3PeWLoO4RRWhnNzpMypVX8UdvbKv1DxMjQn3d/kw==",
      "dev": true,
      "dependencies": {
        "@lexical/list": "0.6.3",
        "@lexical/table": "0.6.3"
      },
      "peerDependencies": {
        "lexical": "0.6.3"
      }
    },
    "node_modules/@lexical/yjs": {
      "version": "0.6.3",
      "resolved": "https://registry.npmjs.org/@lexical/yjs/-/yjs-0.6.3.tgz",
      "integrity": "sha512-VAcXh19rUNFy7qRukscrN6s+AHJkrJCozSZeF3bzVqeoclstL9YJxvIqi8Bl77mP4aApSwb3JrBiYmMMP/mjfA==",
      "dev": true,
      "dependencies": {
        "@lexical/offset": "0.6.3"
      },
      "peerDependencies": {
        "lexical": "0.6.3",
        "yjs": ">=13.5.22"
      }
    },
    "node_modules/isomorphic.js": {
      "version": "0.2.5",
      "resolved": "https://registry.npmjs.org/isomorphic.js/-/isomorphic.js-0.2.5.tgz",
      "integrity": "sha512-PIeMbHqMt4DnUP3MA/Flc0HElYjMXArsw1qwJZcm9sqR8mq3l8NYizFMty0pWwE/tzIGH3EKK5+jes5mAr85yw==",
      "dev": true,
      "peer": true,
      "funding": {
        "type": "GitHub Sponsors ❤",
        "url": "https://github.com/sponsors/dmonad"
      }
    },
    "node_modules/js-tokens": {
      "version": "4.0.0",
      "resolved": "https://registry.npmjs.org/js-tokens/-/js-tokens-4.0.0.tgz",
      "integrity": "sha512-RdJUflcE3cUzKiMqQgsCu06FPu9UdIJO0beYbPhHN4k6apgJtifcoCtT9bcxOpYBtpD2kCM6Sbzg4CausW/PKQ==",
      "dev": true,
      "peer": true
    },
    "node_modules/lexical": {
      "version": "0.6.3",
      "resolved": "https://registry.npmjs.org/lexical/-/lexical-0.6.3.tgz",
      "integrity": "sha512-OBNRS+zCXiaV1fW29ldKBe/ciBMBVfe44XlDXhx9sy/zuLQZrivFqAJExixDneB2Fz6FJyUdAKihflRU8NbHtg==",
      "dev": true
    },
    "node_modules/lib0": {
      "version": "0.2.53",
      "resolved": "https://registry.npmjs.org/lib0/-/lib0-0.2.53.tgz",
      "integrity": "sha512-IT8j61GOFP23z9QYhBCHENqp4L7kCCtFXiCAtR3Is/QGIsq4FJv+ILoNgT+88NzQYI+qeZaDGqqVmrF/G0dYRw==",
      "dev": true,
      "peer": true,
      "dependencies": {
        "isomorphic.js": "^0.2.4"
      },
      "engines": {
        "node": ">=14"
      },
      "funding": {
        "type": "GitHub Sponsors ❤",
        "url": "https://github.com/sponsors/dmonad"
      }
    },
    "node_modules/loose-envify": {
      "version": "1.4.0",
      "resolved": "https://registry.npmjs.org/loose-envify/-/loose-envify-1.4.0.tgz",
      "integrity": "sha512-lyuxPGr/Wfhrlem2CL/UcnUc1zcqKAImBDzukY7Y5F/yQiNdko6+fRLevlw1HgMySw7f611UIY408EtxRSoK3Q==",
      "dev": true,
      "peer": true,
      "dependencies": {
        "js-tokens": "^3.0.0 || ^4.0.0"
      },
      "bin": {
        "loose-envify": "cli.js"
      }
    },
    "node_modules/prismjs": {
      "version": "1.29.0",
      "resolved": "https://registry.npmjs.org/prismjs/-/prismjs-1.29.0.tgz",
      "integrity": "sha512-Kx/1w86q/epKcmte75LNrEoT+lX8pBpavuAbvJWRXar7Hz8jrtF+e3vY751p0R8H9HdArwaCTNDDzHg/ScJK1Q==",
      "dev": true,
      "engines": {
        "node": ">=6"
      }
    },
    "node_modules/react": {
      "version": "18.2.0",
      "resolved": "https://registry.npmjs.org/react/-/react-18.2.0.tgz",
      "integrity": "sha512-/3IjMdb2L9QbBdWiW5e3P2/npwMBaU9mHCSCUzNln0ZCYbcfTsGbTJrU/kGemdH2IWmB2ioZ+zkxtmq6g09fGQ==",
      "dev": true,
      "peer": true,
      "dependencies": {
        "loose-envify": "^1.1.0"
      },
      "engines": {
        "node": ">=0.10.0"
      }
    },
    "node_modules/react-dom": {
      "version": "18.2.0",
      "resolved": "https://registry.npmjs.org/react-dom/-/react-dom-18.2.0.tgz",
      "integrity": "sha512-6IMTriUmvsjHUjNtEDudZfuDQUoWXVxKHhlEGSk81n4YFS+r/Kl99wXiwlVXtPBtJenozv2P+hxDsw9eA7Xo6g==",
      "dev": true,
      "peer": true,
      "dependencies": {
        "loose-envify": "^1.1.0",
        "scheduler": "^0.23.0"
      },
      "peerDependencies": {
        "react": "^18.2.0"
      }
    },
    "node_modules/react-error-boundary": {
      "version": "3.1.4",
      "resolved": "https://registry.npmjs.org/react-error-boundary/-/react-error-boundary-3.1.4.tgz",
      "integrity": "sha512-uM9uPzZJTF6wRQORmSrvOIgt4lJ9MC1sNgEOj2XGsDTRE4kmpWxg7ENK9EWNKJRMAOY9z0MuF4yIfl6gp4sotA==",
      "dev": true,
      "dependencies": {
        "@babel/runtime": "^7.12.5"
      },
      "engines": {
        "node": ">=10",
        "npm": ">=6"
      },
      "peerDependencies": {
        "react": ">=16.13.1"
      }
    },
    "node_modules/regenerator-runtime": {
      "version": "0.13.11",
      "resolved": "https://registry.npmjs.org/regenerator-runtime/-/regenerator-runtime-0.13.11.tgz",
      "integrity": "sha512-kY1AZVr2Ra+t+piVaJ4gxaFaReZVH40AKNo7UCX6W+dEwBo/2oZJzqfuN1qLq1oL45o56cPaTXELwrTh8Fpggg==",
      "dev": true
    },
    "node_modules/scheduler": {
      "version": "0.23.0",
      "resolved": "https://registry.npmjs.org/scheduler/-/scheduler-0.23.0.tgz",
      "integrity": "sha512-CtuThmgHNg7zIZWAXi3AsyIzA3n4xx7aNyjwC2VJldO2LMVDhFK+63xGqq6CsJH4rTAt6/M+N4GhZiDYPx9eUw==",
      "dev": true,
      "peer": true,
      "dependencies": {
        "loose-envify": "^1.1.0"
      }
    },
    "node_modules/yjs": {
      "version": "13.5.42",
      "resolved": "https://registry.npmjs.org/yjs/-/yjs-13.5.42.tgz",
      "integrity": "sha512-3aYBPeUSBUCs/vCOYolbyzhsQ6IDm1DeJgfhHVbW+6kq8YhWjkk2SUhYtBxd3lZPNsqmJGzYH9shKINhSVbEzw==",
      "dev": true,
      "peer": true,
      "dependencies": {
        "lib0": "^0.2.49"
      },
      "funding": {
        "type": "GitHub Sponsors ❤",
        "url": "https://github.com/sponsors/dmonad"
      }
    }
  },
  "dependencies": {
    "@babel/runtime": {
      "version": "7.20.1",
      "resolved": "https://registry.npmjs.org/@babel/runtime/-/runtime-7.20.1.tgz",
      "integrity": "sha512-mrzLkl6U9YLF8qpqI7TB82PESyEGjm/0Ly91jG575eVxMMlb8fYfOXFZIJ8XfLrJZQbm7dlKry2bJmXBUEkdFg==",
      "dev": true,
      "requires": {
        "regenerator-runtime": "^0.13.10"
      }
    },
    "@lexical/clipboard": {
      "version": "0.6.3",
      "resolved": "https://registry.npmjs.org/@lexical/clipboard/-/clipboard-0.6.3.tgz",
      "integrity": "sha512-gNGA+0FeE/xU3rESeJi1HjnATq3IZg/Qq8hTVqky79pNR/jfFrJi+wdAsuGZcfE2gpKhiXs9ob8Z+olgVXaEEQ==",
      "dev": true,
      "requires": {
        "@lexical/html": "0.6.3",
        "@lexical/list": "0.6.3",
        "@lexical/selection": "0.6.3",
        "@lexical/utils": "0.6.3"
      }
    },
    "@lexical/code": {
      "version": "0.6.3",
      "resolved": "https://registry.npmjs.org/@lexical/code/-/code-0.6.3.tgz",
      "integrity": "sha512-DJqwJyN65/3ZjFSnKA0EiTKqnZKBfofoyVLykUhVCJ1rxQWQXUlTzCgg36Yp0jo5DGGhHnVYrMjemi4SgBV06g==",
      "dev": true,
      "requires": {
        "@lexical/utils": "0.6.3",
        "prismjs": "^1.27.0"
      }
    },
    "@lexical/dragon": {
      "version": "0.6.3",
      "resolved": "https://registry.npmjs.org/@lexical/dragon/-/dragon-0.6.3.tgz",
      "integrity": "sha512-a0pcJMMCb7X0/ms6v+dOIWbclB1tQpQsARDXQ2aCIJkuqB7EZHUTt6r7g1+y/3pXHL0ED4hv/DhTavCjZ6vHPQ==",
      "dev": true,
      "requires": {}
    },
    "@lexical/hashtag": {
      "version": "0.6.3",
      "resolved": "https://registry.npmjs.org/@lexical/hashtag/-/hashtag-0.6.3.tgz",
      "integrity": "sha512-qGQbaSqgc3fM5rS+nJZFVFXSg3Hyv+KI8uc7MlcDt7lpRqYQz0Fq2/cSNDsq4iavx+Dt8qQ5ClSJtrEfbA2WTw==",
      "dev": true,
      "requires": {
        "@lexical/utils": "0.6.3"
      }
    },
    "@lexical/history": {
      "version": "0.6.3",
      "resolved": "https://registry.npmjs.org/@lexical/history/-/history-0.6.3.tgz",
      "integrity": "sha512-dRZdEIJYZqVZNSRD4I64CteNWI8ocTsZlAOXSqP4t320Ue0RaNFOSyND1XI8MfYT4tVBQIka+ji1OMx22sh96Q==",
      "dev": true,
      "requires": {
        "@lexical/utils": "0.6.3"
      }
    },
    "@lexical/html": {
      "version": "0.6.3",
      "resolved": "https://registry.npmjs.org/@lexical/html/-/html-0.6.3.tgz",
      "integrity": "sha512-S1GikZFWJb/dHqbgGgtqEZBcSLX9oBfQvdt/MQfEi1TSraC6mevnVBvDNB4aBGCBN97uUzYqsVLFEtYiliCDVw==",
      "dev": true,
      "requires": {
        "@lexical/selection": "0.6.3"
      }
    },
    "@lexical/link": {
      "version": "0.6.3",
      "resolved": "https://registry.npmjs.org/@lexical/link/-/link-0.6.3.tgz",
      "integrity": "sha512-duP+8OYEsIJ5AZLO5Y/cND+oNajvlc0geggmzrJ/XRcFiQAWXJ9BsmEeg6KZFzl2+Whkz3Zdkfu/1h80qllktA==",
      "dev": true,
      "requires": {
        "@lexical/utils": "0.6.3"
      }
    },
    "@lexical/list": {
      "version": "0.6.3",
      "resolved": "https://registry.npmjs.org/@lexical/list/-/list-0.6.3.tgz",
      "integrity": "sha512-zrQwX9J9hmLRjh4VkDykiv4P7et86ez85wAcvcoZNSwRGdLRMDxJLOyzJI6njr3CrebEKzHWVCsEcpn5T8bZcw==",
      "dev": true,
      "requires": {
        "@lexical/utils": "0.6.3"
      }
    },
    "@lexical/mark": {
      "version": "0.6.3",
      "resolved": "https://registry.npmjs.org/@lexical/mark/-/mark-0.6.3.tgz",
      "integrity": "sha512-Bg0rBcs41JY0EU4/Yn5/YvlZ9xq8syn9XZ6fagr63BflyFQF4Ery5UXaH0SC2m20gAWfmKNsjh6NIMyb1sHcgw==",
      "dev": true,
      "requires": {
        "@lexical/utils": "0.6.3"
      }
    },
    "@lexical/markdown": {
      "version": "0.6.3",
      "resolved": "https://registry.npmjs.org/@lexical/markdown/-/markdown-0.6.3.tgz",
      "integrity": "sha512-0J7rNvH/NYDfgUCBBkQ6f5y74ppWXLf9ATN4Z0H+Rd/jxf1pniRMYnvd8Rk2mT6nkG30PHKCtoaoizUdFj2aig==",
      "dev": true,
      "requires": {
        "@lexical/code": "0.6.3",
        "@lexical/link": "0.6.3",
        "@lexical/list": "0.6.3",
        "@lexical/rich-text": "0.6.3",
        "@lexical/text": "0.6.3",
        "@lexical/utils": "0.6.3"
      }
    },
    "@lexical/offset": {
      "version": "0.6.3",
      "resolved": "https://registry.npmjs.org/@lexical/offset/-/offset-0.6.3.tgz",
      "integrity": "sha512-TZu5XUBV27yAqdlHaLC6gH0z8oUMYtmG8hXmSoR8I7wLmRF1RncKMkaAGxTHqHW0w65xk+WjV+pmlvwTp+eU2Q==",
      "dev": true,
      "requires": {}
    },
    "@lexical/overflow": {
      "version": "0.6.3",
      "resolved": "https://registry.npmjs.org/@lexical/overflow/-/overflow-0.6.3.tgz",
      "integrity": "sha512-Spzhcv90EaD1udaZGwbikvzRnQOz+3RiRe2O3ck/Uaiblqxvao4tkwQYzDAuIypIfY/ndaryQr/UzmhGDVjXEA==",
      "dev": true,
      "requires": {}
    },
    "@lexical/plain-text": {
      "version": "0.6.3",
      "resolved": "https://registry.npmjs.org/@lexical/plain-text/-/plain-text-0.6.3.tgz",
      "integrity": "sha512-cseRxnfPorqIIg636LbGMUHLsbWqfx5smCsYsLwNS4d/ZwbsKM9egPXj+OUbhsYhhnpxuZIqNpcQIuTY2zdX4Q==",
      "dev": true,
      "requires": {}
    },
    "@lexical/react": {
      "version": "0.6.3",
      "resolved": "https://registry.npmjs.org/@lexical/react/-/react-0.6.3.tgz",
      "integrity": "sha512-SDi/VORodG1sTNPzrEdhbfz5+TDQr5Da/bYHEVXVFPFCklDZKx2M9vH5CJmXHuIEucjxGa1xQP7fANMCRpzPLw==",
      "dev": true,
      "requires": {
        "@lexical/clipboard": "0.6.3",
        "@lexical/code": "0.6.3",
        "@lexical/dragon": "0.6.3",
        "@lexical/hashtag": "0.6.3",
        "@lexical/history": "0.6.3",
        "@lexical/link": "0.6.3",
        "@lexical/list": "0.6.3",
        "@lexical/mark": "0.6.3",
        "@lexical/markdown": "0.6.3",
        "@lexical/overflow": "0.6.3",
        "@lexical/plain-text": "0.6.3",
        "@lexical/rich-text": "0.6.3",
        "@lexical/selection": "0.6.3",
        "@lexical/table": "0.6.3",
        "@lexical/text": "0.6.3",
        "@lexical/utils": "0.6.3",
        "@lexical/yjs": "0.6.3",
        "react-error-boundary": "^3.1.4"
      }
    },
    "@lexical/rich-text": {
      "version": "0.6.3",
      "resolved": "https://registry.npmjs.org/@lexical/rich-text/-/rich-text-0.6.3.tgz",
      "integrity": "sha512-7U2/dPO4Jl6LSbyPnlrMKuZrzbusm5sUD62b1LACLtKIgxhrB5CGU7jq2tQYA46IpTrJt4FrU3hfKTCckgrU7Q==",
      "dev": true,
      "requires": {}
    },
    "@lexical/selection": {
      "version": "0.6.3",
      "resolved": "https://registry.npmjs.org/@lexical/selection/-/selection-0.6.3.tgz",
      "integrity": "sha512-Jl01qkgUeKJaPJo3hqdjcSqh/7B4OwpFU++2TiFFqTI2eqSSYlNfruk5wpH/pR1HgBIOD8gPRZCQkzhEfcqBNA==",
      "dev": true,
      "requires": {}
    },
    "@lexical/table": {
      "version": "0.6.3",
      "resolved": "https://registry.npmjs.org/@lexical/table/-/table-0.6.3.tgz",
      "integrity": "sha512-7ces57Y9wBwr2UXccXguyFC87QF6epdp2EZybb8yVEoWvMM5z51CnWELEbADYv5lnevPS2LC8LtJV3v1iSPZbA==",
      "dev": true,
      "requires": {
        "@lexical/utils": "0.6.3"
      }
    },
    "@lexical/text": {
      "version": "0.6.3",
      "resolved": "https://registry.npmjs.org/@lexical/text/-/text-0.6.3.tgz",
      "integrity": "sha512-MoovOqr0ikT0vZoLfKQXfZQpF1qrf+xALtskmrjaO6h37jt2vOBDlkukpgg8ZUsUZaTKiaJlWAPnrgdji7L0tQ==",
      "dev": true,
      "requires": {}
    },
    "@lexical/utils": {
      "version": "0.6.3",
      "resolved": "https://registry.npmjs.org/@lexical/utils/-/utils-0.6.3.tgz",
      "integrity": "sha512-LijfKzH9Fdl30eZ/fWDigLsRPs/rz8sZAnRg6UsJGKR1SS3PeWLoO4RRWhnNzpMypVX8UdvbKv1DxMjQn3d/kw==",
      "dev": true,
      "requires": {
        "@lexical/list": "0.6.3",
        "@lexical/table": "0.6.3"
      }
    },
    "@lexical/yjs": {
      "version": "0.6.3",
      "resolved": "https://registry.npmjs.org/@lexical/yjs/-/yjs-0.6.3.tgz",
      "integrity": "sha512-VAcXh19rUNFy7qRukscrN6s+AHJkrJCozSZeF3bzVqeoclstL9YJxvIqi8Bl77mP4aApSwb3JrBiYmMMP/mjfA==",
      "dev": true,
      "requires": {
        "@lexical/offset": "0.6.3"
      }
    },
    "isomorphic.js": {
      "version": "0.2.5",
      "resolved": "https://registry.npmjs.org/isomorphic.js/-/isomorphic.js-0.2.5.tgz",
      "integrity": "sha512-PIeMbHqMt4DnUP3MA/Flc0HElYjMXArsw1qwJZcm9sqR8mq3l8NYizFMty0pWwE/tzIGH3EKK5+jes5mAr85yw==",
      "dev": true,
      "peer": true
    },
    "js-tokens": {
      "version": "4.0.0",
      "resolved": "https://registry.npmjs.org/js-tokens/-/js-tokens-4.0.0.tgz",
      "integrity": "sha512-RdJUflcE3cUzKiMqQgsCu06FPu9UdIJO0beYbPhHN4k6apgJtifcoCtT9bcxOpYBtpD2kCM6Sbzg4CausW/PKQ==",
      "dev": true,
      "peer": true
    },
    "lexical": {
      "version": "0.6.3",
      "resolved": "https://registry.npmjs.org/lexical/-/lexical-0.6.3.tgz",
      "integrity": "sha512-OBNRS+zCXiaV1fW29ldKBe/ciBMBVfe44XlDXhx9sy/zuLQZrivFqAJExixDneB2Fz6FJyUdAKihflRU8NbHtg==",
      "dev": true
    },
    "lib0": {
      "version": "0.2.53",
      "resolved": "https://registry.npmjs.org/lib0/-/lib0-0.2.53.tgz",
      "integrity": "sha512-IT8j61GOFP23z9QYhBCHENqp4L7kCCtFXiCAtR3Is/QGIsq4FJv+ILoNgT+88NzQYI+qeZaDGqqVmrF/G0dYRw==",
      "dev": true,
      "peer": true,
      "requires": {
        "isomorphic.js": "^0.2.4"
      }
    },
    "loose-envify": {
      "version": "1.4.0",
      "resolved": "https://registry.npmjs.org/loose-envify/-/loose-envify-1.4.0.tgz",
      "integrity": "sha512-lyuxPGr/Wfhrlem2CL/UcnUc1zcqKAImBDzukY7Y5F/yQiNdko6+fRLevlw1HgMySw7f611UIY408EtxRSoK3Q==",
      "dev": true,
      "peer": true,
      "requires": {
        "js-tokens": "^3.0.0 || ^4.0.0"
      }
    },
    "prismjs": {
      "version": "1.29.0",
      "resolved": "https://registry.npmjs.org/prismjs/-/prismjs-1.29.0.tgz",
      "integrity": "sha512-Kx/1w86q/epKcmte75LNrEoT+lX8pBpavuAbvJWRXar7Hz8jrtF+e3vY751p0R8H9HdArwaCTNDDzHg/ScJK1Q==",
      "dev": true
    },
    "react": {
      "version": "18.2.0",
      "resolved": "https://registry.npmjs.org/react/-/react-18.2.0.tgz",
      "integrity": "sha512-/3IjMdb2L9QbBdWiW5e3P2/npwMBaU9mHCSCUzNln0ZCYbcfTsGbTJrU/kGemdH2IWmB2ioZ+zkxtmq6g09fGQ==",
      "dev": true,
      "peer": true,
      "requires": {
        "loose-envify": "^1.1.0"
      }
    },
    "react-dom": {
      "version": "18.2.0",
      "resolved": "https://registry.npmjs.org/react-dom/-/react-dom-18.2.0.tgz",
      "integrity": "sha512-6IMTriUmvsjHUjNtEDudZfuDQUoWXVxKHhlEGSk81n4YFS+r/Kl99wXiwlVXtPBtJenozv2P+hxDsw9eA7Xo6g==",
      "dev": true,
      "peer": true,
      "requires": {
        "loose-envify": "^1.1.0",
        "scheduler": "^0.23.0"
      }
    },
    "react-error-boundary": {
      "version": "3.1.4",
      "resolved": "https://registry.npmjs.org/react-error-boundary/-/react-error-boundary-3.1.4.tgz",
      "integrity": "sha512-uM9uPzZJTF6wRQORmSrvOIgt4lJ9MC1sNgEOj2XGsDTRE4kmpWxg7ENK9EWNKJRMAOY9z0MuF4yIfl6gp4sotA==",
      "dev": true,
      "requires": {
        "@babel/runtime": "^7.12.5"
      }
    },
    "regenerator-runtime": {
      "version": "0.13.11",
      "resolved": "https://registry.npmjs.org/regenerator-runtime/-/regenerator-runtime-0.13.11.tgz",
      "integrity": "sha512-kY1AZVr2Ra+t+piVaJ4gxaFaReZVH40AKNo7UCX6W+dEwBo/2oZJzqfuN1qLq1oL45o56cPaTXELwrTh8Fpggg==",
      "dev": true
    },
    "scheduler": {
      "version": "0.23.0",
      "resolved": "https://registry.npmjs.org/scheduler/-/scheduler-0.23.0.tgz",
      "integrity": "sha512-CtuThmgHNg7zIZWAXi3AsyIzA3n4xx7aNyjwC2VJldO2LMVDhFK+63xGqq6CsJH4rTAt6/M+N4GhZiDYPx9eUw==",
      "dev": true,
      "peer": true,
      "requires": {
        "loose-envify": "^1.1.0"
      }
    },
    "yjs": {
      "version": "13.5.42",
      "resolved": "https://registry.npmjs.org/yjs/-/yjs-13.5.42.tgz",
      "integrity": "sha512-3aYBPeUSBUCs/vCOYolbyzhsQ6IDm1DeJgfhHVbW+6kq8YhWjkk2SUhYtBxd3lZPNsqmJGzYH9shKINhSVbEzw==",
      "dev": true,
      "peer": true,
      "requires": {
        "lib0": "^0.2.49"
      }
    }
  }
}
